// !$*UTF8*$!
{
	archiveVersion = 1;
	classes = {
	};
	objectVersion = 56;
	objects = {

/* Begin PBXBuildFile section */
		614956522B45177C000A9E41 /* dejoappApp.swift in Sources */ = {isa = PBXBuildFile; fileRef = 614956512B45177C000A9E41 /* dejoappApp.swift */; };
		614956542B45177C000A9E41 /* ContentView.swift in Sources */ = {isa = PBXBuildFile; fileRef = 614956532B45177C000A9E41 /* ContentView.swift */; };
		614956562B45177E000A9E41 /* Assets.xcassets in Resources */ = {isa = PBXBuildFile; fileRef = 614956552B45177E000A9E41 /* Assets.xcassets */; };
		614956592B45177E000A9E41 /* Preview Assets.xcassets in Resources */ = {isa = PBXBuildFile; fileRef = 614956582B45177E000A9E41 /* Preview Assets.xcassets */; };
		614956632B45177E000A9E41 /* dejoappTests.swift in Sources */ = {isa = PBXBuildFile; fileRef = 614956622B45177E000A9E41 /* dejoappTests.swift */; };
		6149566D2B45177E000A9E41 /* dejoappUITests.swift in Sources */ = {isa = PBXBuildFile; fileRef = 6149566C2B45177E000A9E41 /* dejoappUITests.swift */; };
		6149566F2B45177E000A9E41 /* dejoappUITestsLaunchTests.swift in Sources */ = {isa = PBXBuildFile; fileRef = 6149566E2B45177E000A9E41 /* dejoappUITestsLaunchTests.swift */; };
		6166B3C12B46CB7F00457E3A /* ImageView.swift in Sources */ = {isa = PBXBuildFile; fileRef = 6166B3C02B46CB7F00457E3A /* ImageView.swift */; };
		6166B3C52B46CD2B00457E3A /* MapView.swift in Sources */ = {isa = PBXBuildFile; fileRef = 6166B3C42B46CD2B00457E3A /* MapView.swift */; };
		61EE22892B46DC040064FE77 /* landmarkData.json in Resources */ = {isa = PBXBuildFile; fileRef = 61EE22882B46DC030064FE77 /* landmarkData.json */; };
		61EE228D2B46DC540064FE77 /* Landmark.swift in Sources */ = {isa = PBXBuildFile; fileRef = 61EE228C2B46DC540064FE77 /* Landmark.swift */; };
		61EE228F2B46DEB90064FE77 /* ModelData.swift in Sources */ = {isa = PBXBuildFile; fileRef = 61EE228E2B46DEB90064FE77 /* ModelData.swift */; };
		61EE22962B46E2520064FE77 /* landmarkRow.swift in Sources */ = {isa = PBXBuildFile; fileRef = 61EE22952B46E2520064FE77 /* landmarkRow.swift */; };
		61EE22982B4717FA0064FE77 /* LandmarkList.swift in Sources */ = {isa = PBXBuildFile; fileRef = 61EE22972B4717FA0064FE77 /* LandmarkList.swift */; };
		61EE229A2B471D610064FE77 /* LandmarkDetail.swift in Sources */ = {isa = PBXBuildFile; fileRef = 61EE22992B471D610064FE77 /* LandmarkDetail.swift */; };
/* End PBXBuildFile section */

/* Begin PBXContainerItemProxy section */
		6149565F2B45177E000A9E41 /* PBXContainerItemProxy */ = {
			isa = PBXContainerItemProxy;
			containerPortal = 614956462B45177C000A9E41 /* Project object */;
			proxyType = 1;
			remoteGlobalIDString = 6149564D2B45177C000A9E41;
			remoteInfo = dejoapp;
		};
		614956692B45177E000A9E41 /* PBXContainerItemProxy */ = {
			isa = PBXContainerItemProxy;
			containerPortal = 614956462B45177C000A9E41 /* Project object */;
			proxyType = 1;
			remoteGlobalIDString = 6149564D2B45177C000A9E41;
			remoteInfo = dejoapp;
		};
/* End PBXContainerItemProxy section */

/* Begin PBXFileReference section */
		6149564E2B45177C000A9E41 /* dejoapp.app */ = {isa = PBXFileReference; explicitFileType = wrapper.application; includeInIndex = 0; path = dejoapp.app; sourceTree = BUILT_PRODUCTS_DIR; };
		614956512B45177C000A9E41 /* dejoappApp.swift */ = {isa = PBXFileReference; lastKnownFileType = sourcecode.swift; path = dejoappApp.swift; sourceTree = "<group>"; };
		614956532B45177C000A9E41 /* ContentView.swift */ = {isa = PBXFileReference; lastKnownFileType = sourcecode.swift; path = ContentView.swift; sourceTree = "<group>"; };
		614956552B45177E000A9E41 /* Assets.xcassets */ = {isa = PBXFileReference; lastKnownFileType = folder.assetcatalog; path = Assets.xcassets; sourceTree = "<group>"; };
		614956582B45177E000A9E41 /* Preview Assets.xcassets */ = {isa = PBXFileReference; lastKnownFileType = folder.assetcatalog; path = "Preview Assets.xcassets"; sourceTree = "<group>"; };
		6149565E2B45177E000A9E41 /* dejoappTests.xctest */ = {isa = PBXFileReference; explicitFileType = wrapper.cfbundle; includeInIndex = 0; path = dejoappTests.xctest; sourceTree = BUILT_PRODUCTS_DIR; };
		614956622B45177E000A9E41 /* dejoappTests.swift */ = {isa = PBXFileReference; lastKnownFileType = sourcecode.swift; path = dejoappTests.swift; sourceTree = "<group>"; };
		614956682B45177E000A9E41 /* dejoappUITests.xctest */ = {isa = PBXFileReference; explicitFileType = wrapper.cfbundle; includeInIndex = 0; path = dejoappUITests.xctest; sourceTree = BUILT_PRODUCTS_DIR; };
		6149566C2B45177E000A9E41 /* dejoappUITests.swift */ = {isa = PBXFileReference; lastKnownFileType = sourcecode.swift; path = dejoappUITests.swift; sourceTree = "<group>"; };
		6149566E2B45177E000A9E41 /* dejoappUITestsLaunchTests.swift */ = {isa = PBXFileReference; lastKnownFileType = sourcecode.swift; path = dejoappUITestsLaunchTests.swift; sourceTree = "<group>"; };
		6166B3C02B46CB7F00457E3A /* ImageView.swift */ = {isa = PBXFileReference; lastKnownFileType = sourcecode.swift; path = ImageView.swift; sourceTree = "<group>"; };
		6166B3C42B46CD2B00457E3A /* MapView.swift */ = {isa = PBXFileReference; lastKnownFileType = sourcecode.swift; path = MapView.swift; sourceTree = "<group>"; };
		61EE22882B46DC030064FE77 /* landmarkData.json */ = {isa = PBXFileReference; fileEncoding = 4; lastKnownFileType = text.json; path = landmarkData.json; sourceTree = "<group>"; };
		61EE228C2B46DC540064FE77 /* Landmark.swift */ = {isa = PBXFileReference; lastKnownFileType = sourcecode.swift; path = Landmark.swift; sourceTree = "<group>"; };
		61EE228E2B46DEB90064FE77 /* ModelData.swift */ = {isa = PBXFileReference; lastKnownFileType = sourcecode.swift; path = ModelData.swift; sourceTree = "<group>"; };
		61EE22952B46E2520064FE77 /* landmarkRow.swift */ = {isa = PBXFileReference; lastKnownFileType = sourcecode.swift; path = landmarkRow.swift; sourceTree = "<group>"; };
		61EE22972B4717FA0064FE77 /* LandmarkList.swift */ = {isa = PBXFileReference; lastKnownFileType = sourcecode.swift; path = LandmarkList.swift; sourceTree = "<group>"; };
		61EE22992B471D610064FE77 /* LandmarkDetail.swift */ = {isa = PBXFileReference; lastKnownFileType = sourcecode.swift; path = LandmarkDetail.swift; sourceTree = "<group>"; };
/* End PBXFileReference section */

/* Begin PBXFrameworksBuildPhase section */
		6149564B2B45177C000A9E41 /* Frameworks */ = {
			isa = PBXFrameworksBuildPhase;
			buildActionMask = 2147483647;
			files = (
			);
			runOnlyForDeploymentPostprocessing = 0;
		};
		6149565B2B45177E000A9E41 /* Frameworks */ = {
			isa = PBXFrameworksBuildPhase;
			buildActionMask = 2147483647;
			files = (
			);
			runOnlyForDeploymentPostprocessing = 0;
		};
		614956652B45177E000A9E41 /* Frameworks */ = {
			isa = PBXFrameworksBuildPhase;
			buildActionMask = 2147483647;
			files = (
			);
			runOnlyForDeploymentPostprocessing = 0;
		};
/* End PBXFrameworksBuildPhase section */

/* Begin PBXGroup section */
		614956452B45177C000A9E41 = {
			isa = PBXGroup;
			children = (
				614956502B45177C000A9E41 /* dejoapp */,
				614956612B45177E000A9E41 /* dejoappTests */,
				6149566B2B45177E000A9E41 /* dejoappUITests */,
				6149564F2B45177C000A9E41 /* Products */,
			);
			sourceTree = "<group>";
		};
		6149564F2B45177C000A9E41 /* Products */ = {
			isa = PBXGroup;
			children = (
				6149564E2B45177C000A9E41 /* dejoapp.app */,
				6149565E2B45177E000A9E41 /* dejoappTests.xctest */,
				614956682B45177E000A9E41 /* dejoappUITests.xctest */,
			);
			name = Products;
			sourceTree = "<group>";
		};
		614956502B45177C000A9E41 /* dejoapp */ = {
			isa = PBXGroup;
			children = (
				614956512B45177C000A9E41 /* dejoappApp.swift */,
				61EE22902B46E1580064FE77 /* Views */,
				61EE22912B46E1700064FE77 /* Model */,
				61EE22922B46E18F0064FE77 /* Resources */,
				614956552B45177E000A9E41 /* Assets.xcassets */,
				614956572B45177E000A9E41 /* Preview Content */,
			);
			path = dejoapp;
			sourceTree = "<group>";
		};
		614956572B45177E000A9E41 /* Preview Content */ = {
			isa = PBXGroup;
			children = (
				614956582B45177E000A9E41 /* Preview Assets.xcassets */,
			);
			path = "Preview Content";
			sourceTree = "<group>";
		};
		614956612B45177E000A9E41 /* dejoappTests */ = {
			isa = PBXGroup;
			children = (
				614956622B45177E000A9E41 /* dejoappTests.swift */,
			);
			path = dejoappTests;
			sourceTree = "<group>";
		};
		6149566B2B45177E000A9E41 /* dejoappUITests */ = {
			isa = PBXGroup;
			children = (
				6149566C2B45177E000A9E41 /* dejoappUITests.swift */,
				6149566E2B45177E000A9E41 /* dejoappUITestsLaunchTests.swift */,
			);
			path = dejoappUITests;
			sourceTree = "<group>";
		};
		61EE22902B46E1580064FE77 /* Views */ = {
			isa = PBXGroup;
			children = (
				614956532B45177C000A9E41 /* ContentView.swift */,
				6166B3C02B46CB7F00457E3A /* ImageView.swift */,
				6166B3C42B46CD2B00457E3A /* MapView.swift */,
				61EE22952B46E2520064FE77 /* landmarkRow.swift */,
				61EE22972B4717FA0064FE77 /* LandmarkList.swift */,
				61EE22992B471D610064FE77 /* LandmarkDetail.swift */,
			);
			path = Views;
			sourceTree = "<group>";
		};
		61EE22912B46E1700064FE77 /* Model */ = {
			isa = PBXGroup;
			children = (
				61EE228C2B46DC540064FE77 /* Landmark.swift */,
				61EE228E2B46DEB90064FE77 /* ModelData.swift */,
			);
			path = Model;
			sourceTree = "<group>";
		};
		61EE22922B46E18F0064FE77 /* Resources */ = {
			isa = PBXGroup;
			children = (
				61EE22882B46DC030064FE77 /* landmarkData.json */,
			);
			path = Resources;
			sourceTree = "<group>";
		};
/* End PBXGroup section */

/* Begin PBXNativeTarget section */
		6149564D2B45177C000A9E41 /* dejoapp */ = {
			isa = PBXNativeTarget;
			buildConfigurationList = 614956722B45177E000A9E41 /* Build configuration list for PBXNativeTarget "dejoapp" */;
			buildPhases = (
				6149564A2B45177C000A9E41 /* Sources */,
				6149564B2B45177C000A9E41 /* Frameworks */,
				6149564C2B45177C000A9E41 /* Resources */,
			);
			buildRules = (
			);
			dependencies = (
			);
			name = dejoapp;
			productName = dejoapp;
			productReference = 6149564E2B45177C000A9E41 /* dejoapp.app */;
			productType = "com.apple.product-type.application";
		};
		6149565D2B45177E000A9E41 /* dejoappTests */ = {
			isa = PBXNativeTarget;
			buildConfigurationList = 614956752B45177E000A9E41 /* Build configuration list for PBXNativeTarget "dejoappTests" */;
			buildPhases = (
				6149565A2B45177E000A9E41 /* Sources */,
				6149565B2B45177E000A9E41 /* Frameworks */,
				6149565C2B45177E000A9E41 /* Resources */,
			);
			buildRules = (
			);
			dependencies = (
				614956602B45177E000A9E41 /* PBXTargetDependency */,
			);
			name = dejoappTests;
			productName = dejoappTests;
			productReference = 6149565E2B45177E000A9E41 /* dejoappTests.xctest */;
			productType = "com.apple.product-type.bundle.unit-test";
		};
		614956672B45177E000A9E41 /* dejoappUITests */ = {
			isa = PBXNativeTarget;
			buildConfigurationList = 614956782B45177E000A9E41 /* Build configuration list for PBXNativeTarget "dejoappUITests" */;
			buildPhases = (
				614956642B45177E000A9E41 /* Sources */,
				614956652B45177E000A9E41 /* Frameworks */,
				614956662B45177E000A9E41 /* Resources */,
			);
			buildRules = (
			);
			dependencies = (
				6149566A2B45177E000A9E41 /* PBXTargetDependency */,
			);
			name = dejoappUITests;
			productName = dejoappUITests;
			productReference = 614956682B45177E000A9E41 /* dejoappUITests.xctest */;
			productType = "com.apple.product-type.bundle.ui-testing";
		};
/* End PBXNativeTarget section */

/* Begin PBXProject section */
		614956462B45177C000A9E41 /* Project object */ = {
			isa = PBXProject;
			attributes = {
				BuildIndependentTargetsInParallel = 1;
				LastSwiftUpdateCheck = 1510;
				LastUpgradeCheck = 1510;
				TargetAttributes = {
					6149564D2B45177C000A9E41 = {
						CreatedOnToolsVersion = 15.1;
					};
					6149565D2B45177E000A9E41 = {
						CreatedOnToolsVersion = 15.1;
						TestTargetID = 6149564D2B45177C000A9E41;
					};
					614956672B45177E000A9E41 = {
						CreatedOnToolsVersion = 15.1;
						TestTargetID = 6149564D2B45177C000A9E41;
					};
				};
			};
			buildConfigurationList = 614956492B45177C000A9E41 /* Build configuration list for PBXProject "dejoapp" */;
			compatibilityVersion = "Xcode 14.0";
			developmentRegion = en;
			hasScannedForEncodings = 0;
			knownRegions = (
				en,
				Base,
			);
			mainGroup = 614956452B45177C000A9E41;
			productRefGroup = 6149564F2B45177C000A9E41 /* Products */;
			projectDirPath = "";
			projectRoot = "";
			targets = (
				6149564D2B45177C000A9E41 /* dejoapp */,
				6149565D2B45177E000A9E41 /* dejoappTests */,
				614956672B45177E000A9E41 /* dejoappUITests */,
			);
		};
/* End PBXProject section */

/* Begin PBXResourcesBuildPhase section */
		6149564C2B45177C000A9E41 /* Resources */ = {
			isa = PBXResourcesBuildPhase;
			buildActionMask = 2147483647;
			files = (
				614956592B45177E000A9E41 /* Preview Assets.xcassets in Resources */,
				614956562B45177E000A9E41 /* Assets.xcassets in Resources */,
				61EE22892B46DC040064FE77 /* landmarkData.json in Resources */,
			);
			runOnlyForDeploymentPostprocessing = 0;
		};
		6149565C2B45177E000A9E41 /* Resources */ = {
			isa = PBXResourcesBuildPhase;
			buildActionMask = 2147483647;
			files = (
			);
			runOnlyForDeploymentPostprocessing = 0;
		};
		614956662B45177E000A9E41 /* Resources */ = {
			isa = PBXResourcesBuildPhase;
			buildActionMask = 2147483647;
			files = (
			);
			runOnlyForDeploymentPostprocessing = 0;
		};
/* End PBXResourcesBuildPhase section */

/* Begin PBXSourcesBuildPhase section */
		6149564A2B45177C000A9E41 /* Sources */ = {
			isa = PBXSourcesBuildPhase;
			buildActionMask = 2147483647;
			files = (
				61EE22962B46E2520064FE77 /* landmarkRow.swift in Sources */,
				6166B3C12B46CB7F00457E3A /* ImageView.swift in Sources */,
				6166B3C52B46CD2B00457E3A /* MapView.swift in Sources */,
				61EE22982B4717FA0064FE77 /* LandmarkList.swift in Sources */,
				61EE229A2B471D610064FE77 /* LandmarkDetail.swift in Sources */,
				614956542B45177C000A9E41 /* ContentView.swift in Sources */,
				614956522B45177C000A9E41 /* dejoappApp.swift in Sources */,
				61EE228D2B46DC540064FE77 /* Landmark.swift in Sources */,
				61EE228F2B46DEB90064FE77 /* ModelData.swift in Sources */,
			);
			runOnlyForDeploymentPostprocessing = 0;
		};
		6149565A2B45177E000A9E41 /* Sources */ = {
			isa = PBXSourcesBuildPhase;
			buildActionMask = 2147483647;
			files = (
				614956632B45177E000A9E41 /* dejoappTests.swift in Sources */,
			);
			runOnlyForDeploymentPostprocessing = 0;
		};
		614956642B45177E000A9E41 /* Sources */ = {
			isa = PBXSourcesBuildPhase;
			buildActionMask = 2147483647;
			files = (
				6149566F2B45177E000A9E41 /* dejoappUITestsLaunchTests.swift in Sources */,
				6149566D2B45177E000A9E41 /* dejoappUITests.swift in Sources */,
			);
			runOnlyForDeploymentPostprocessing = 0;
		};
/* End PBXSourcesBuildPhase section */

/* Begin PBXTargetDependency section */
		614956602B45177E000A9E41 /* PBXTargetDependency */ = {
			isa = PBXTargetDependency;
			target = 6149564D2B45177C000A9E41 /* dejoapp */;
			targetProxy = 6149565F2B45177E000A9E41 /* PBXContainerItemProxy */;
		};
		6149566A2B45177E000A9E41 /* PBXTargetDependency */ = {
			isa = PBXTargetDependency;
			target = 6149564D2B45177C000A9E41 /* dejoapp */;
			targetProxy = 614956692B45177E000A9E41 /* PBXContainerItemProxy */;
		};
/* End PBXTargetDependency section */

/* Begin XCBuildConfiguration section */
		614956702B45177E000A9E41 /* Debug */ = {
			isa = XCBuildConfiguration;
			buildSettings = {
				ALWAYS_SEARCH_USER_PATHS = NO;
				ASSETCATALOG_COMPILER_GENERATE_SWIFT_ASSET_SYMBOL_EXTENSIONS = YES;
				CLANG_ANALYZER_NONNULL = YES;
				CLANG_ANALYZER_NUMBER_OBJECT_CONVERSION = YES_AGGRESSIVE;
				CLANG_CXX_LANGUAGE_STANDARD = "gnu++20";
				CLANG_ENABLE_MODULES = YES;
				CLANG_ENABLE_OBJC_ARC = YES;
				CLANG_ENABLE_OBJC_WEAK = YES;
				CLANG_WARN_BLOCK_CAPTURE_AUTORELEASING = YES;
				CLANG_WARN_BOOL_CONVERSION = YES;
				CLANG_WARN_COMMA = YES;
				CLANG_WARN_CONSTANT_CONVERSION = YES;
				CLANG_WARN_DEPRECATED_OBJC_IMPLEMENTATIONS = YES;
				CLANG_WARN_DIRECT_OBJC_ISA_USAGE = YES_ERROR;
				CLANG_WARN_DOCUMENTATION_COMMENTS = YES;
				CLANG_WARN_EMPTY_BODY = YES;
				CLANG_WARN_ENUM_CONVERSION = YES;
				CLANG_WARN_INFINITE_RECURSION = YES;
				CLANG_WARN_INT_CONVERSION = YES;
				CLANG_WARN_NON_LITERAL_NULL_CONVERSION = YES;
				CLANG_WARN_OBJC_IMPLICIT_RETAIN_SELF = YES;
				CLANG_WARN_OBJC_LITERAL_CONVERSION = YES;
				CLANG_WARN_OBJC_ROOT_CLASS = YES_ERROR;
				CLANG_WARN_QUOTED_INCLUDE_IN_FRAMEWORK_HEADER = YES;
				CLANG_WARN_RANGE_LOOP_ANALYSIS = YES;
				CLANG_WARN_STRICT_PROTOTYPES = YES;
				CLANG_WARN_SUSPICIOUS_MOVE = YES;
				CLANG_WARN_UNGUARDED_AVAILABILITY = YES_AGGRESSIVE;
				CLANG_WARN_UNREACHABLE_CODE = YES;
				CLANG_WARN__DUPLICATE_METHOD_MATCH = YES;
				COPY_PHASE_STRIP = NO;
				DEBUG_INFORMATION_FORMAT = dwarf;
				ENABLE_STRICT_OBJC_MSGSEND = YES;
				ENABLE_TESTABILITY = YES;
				ENABLE_USER_SCRIPT_SANDBOXING = YES;
				GCC_C_LANGUAGE_STANDARD = gnu17;
				GCC_DYNAMIC_NO_PIC = NO;
				GCC_NO_COMMON_BLOCKS = YES;
				GCC_OPTIMIZATION_LEVEL = 0;
				GCC_PREPROCESSOR_DEFINITIONS = (
					"DEBUG=1",
					"$(inherited)",
				);
				GCC_WARN_64_TO_32_BIT_CONVERSION = YES;
				GCC_WARN_ABOUT_RETURN_TYPE = YES_ERROR;
				GCC_WARN_UNDECLARED_SELECTOR = YES;
				GCC_WARN_UNINITIALIZED_AUTOS = YES_AGGRESSIVE;
				GCC_WARN_UNUSED_FUNCTION = YES;
				GCC_WARN_UNUSED_VARIABLE = YES;
				IPHONEOS_DEPLOYMENT_TARGET = 17.2;
				LOCALIZATION_PREFERS_STRING_CATALOGS = YES;
				MTL_ENABLE_DEBUG_INFO = INCLUDE_SOURCE;
				MTL_FAST_MATH = YES;
				ONLY_ACTIVE_ARCH = YES;
				SDKROOT = iphoneos;
				SWIFT_ACTIVE_COMPILATION_CONDITIONS = "DEBUG $(inherited)";
				SWIFT_OPTIMIZATION_LEVEL = "-Onone";
			};
			name = Debug;
		};
		614956712B45177E000A9E41 /* Release */ = {
			isa = XCBuildConfiguration;
			buildSettings = {
				ALWAYS_SEARCH_USER_PATHS = NO;
				ASSETCATALOG_COMPILER_GENERATE_SWIFT_ASSET_SYMBOL_EXTENSIONS = YES;
				CLANG_ANALYZER_NONNULL = YES;
				CLANG_ANALYZER_NUMBER_OBJECT_CONVERSION = YES_AGGRESSIVE;
				CLANG_CXX_LANGUAGE_STANDARD = "gnu++20";
				CLANG_ENABLE_MODULES = YES;
				CLANG_ENABLE_OBJC_ARC = YES;
				CLANG_ENABLE_OBJC_WEAK = YES;
				CLANG_WARN_BLOCK_CAPTURE_AUTORELEASING = YES;
				CLANG_WARN_BOOL_CONVERSION = YES;
				CLANG_WARN_COMMA = YES;
				CLANG_WARN_CONSTANT_CONVERSION = YES;
				CLANG_WARN_DEPRECATED_OBJC_IMPLEMENTATIONS = YES;
				CLANG_WARN_DIRECT_OBJC_ISA_USAGE = YES_ERROR;
				CLANG_WARN_DOCUMENTATION_COMMENTS = YES;
				CLANG_WARN_EMPTY_BODY = YES;
				CLANG_WARN_ENUM_CONVERSION = YES;
				CLANG_WARN_INFINITE_RECURSION = YES;
				CLANG_WARN_INT_CONVERSION = YES;
				CLANG_WARN_NON_LITERAL_NULL_CONVERSION = YES;
				CLANG_WARN_OBJC_IMPLICIT_RETAIN_SELF = YES;
				CLANG_WARN_OBJC_LITERAL_CONVERSION = YES;
				CLANG_WARN_OBJC_ROOT_CLASS = YES_ERROR;
				CLANG_WARN_QUOTED_INCLUDE_IN_FRAMEWORK_HEADER = YES;
				CLANG_WARN_RANGE_LOOP_ANALYSIS = YES;
				CLANG_WARN_STRICT_PROTOTYPES = YES;
				CLANG_WARN_SUSPICIOUS_MOVE = YES;
				CLANG_WARN_UNGUARDED_AVAILABILITY = YES_AGGRESSIVE;
				CLANG_WARN_UNREACHABLE_CODE = YES;
				CLANG_WARN__DUPLICATE_METHOD_MATCH = YES;
				COPY_PHASE_STRIP = NO;
				DEBUG_INFORMATION_FORMAT = "dwarf-with-dsym";
				ENABLE_NS_ASSERTIONS = NO;
				ENABLE_STRICT_OBJC_MSGSEND = YES;
				ENABLE_USER_SCRIPT_SANDBOXING = YES;
				GCC_C_LANGUAGE_STANDARD = gnu17;
				GCC_NO_COMMON_BLOCKS = YES;
				GCC_WARN_64_TO_32_BIT_CONVERSION = YES;
				GCC_WARN_ABOUT_RETURN_TYPE = YES_ERROR;
				GCC_WARN_UNDECLARED_SELECTOR = YES;
				GCC_WARN_UNINITIALIZED_AUTOS = YES_AGGRESSIVE;
				GCC_WARN_UNUSED_FUNCTION = YES;
				GCC_WARN_UNUSED_VARIABLE = YES;
				IPHONEOS_DEPLOYMENT_TARGET = 17.2;
				LOCALIZATION_PREFERS_STRING_CATALOGS = YES;
				MTL_ENABLE_DEBUG_INFO = NO;
				MTL_FAST_MATH = YES;
				SDKROOT = iphoneos;
				SWIFT_COMPILATION_MODE = wholemodule;
				VALIDATE_PRODUCT = YES;
			};
			name = Release;
		};
		614956732B45177E000A9E41 /* Debug */ = {
			isa = XCBuildConfiguration;
			buildSettings = {
				ASSETCATALOG_COMPILER_APPICON_NAME = AppIcon;
				ASSETCATALOG_COMPILER_GLOBAL_ACCENT_COLOR_NAME = AccentColor;
				CODE_SIGN_STYLE = Automatic;
				CURRENT_PROJECT_VERSION = 1;
				DEVELOPMENT_ASSET_PATHS = "\"dejoapp/Preview Content\"";
				ENABLE_PREVIEWS = YES;
				GENERATE_INFOPLIST_FILE = YES;
				INFOPLIST_KEY_UIApplicationSceneManifest_Generation = YES;
				INFOPLIST_KEY_UIApplicationSupportsIndirectInputEvents = YES;
				INFOPLIST_KEY_UILaunchScreen_Generation = YES;
				INFOPLIST_KEY_UISupportedInterfaceOrientations_iPad = "UIInterfaceOrientationPortrait UIInterfaceOrientationPortraitUpsideDown UIInterfaceOrientationLandscapeLeft UIInterfaceOrientationLandscapeRight";
				INFOPLIST_KEY_UISupportedInterfaceOrientations_iPhone = "UIInterfaceOrientationPortrait UIInterfaceOrientationLandscapeLeft UIInterfaceOrientationLandscapeRight";
				LD_RUNPATH_SEARCH_PATHS = (
					"$(inherited)",
					"@executable_path/Frameworks",
				);
				MARKETING_VERSION = 1.0;
				PRODUCT_BUNDLE_IDENTIFIER = dejo.dejoapp;
				PRODUCT_NAME = "$(TARGET_NAME)";
				SWIFT_EMIT_LOC_STRINGS = YES;
				SWIFT_VERSION = 5.0;
				TARGETED_DEVICE_FAMILY = "1,2";
			};
			name = Debug;
		};
		614956742B45177E000A9E41 /* Release */ = {
			isa = XCBuildConfiguration;
			buildSettings = {
				ASSETCATALOG_COMPILER_APPICON_NAME = AppIcon;
				ASSETCATALOG_COMPILER_GLOBAL_ACCENT_COLOR_NAME = AccentColor;
				CODE_SIGN_STYLE = Automatic;
				CURRENT_PROJECT_VERSION = 1;
				DEVELOPMENT_ASSET_PATHS = "\"dejoapp/Preview Content\"";
				ENABLE_PREVIEWS = YES;
				GENERATE_INFOPLIST_FILE = YES;
				INFOPLIST_KEY_UIApplicationSceneManifest_Generation = YES;
				INFOPLIST_KEY_UIApplicationSupportsIndirectInputEvents = YES;
				INFOPLIST_KEY_UILaunchScreen_Generation = YES;
				INFOPLIST_KEY_UISupportedInterfaceOrientations_iPad = "UIInterfaceOrientationPortrait UIInterfaceOrientationPortraitUpsideDown UIInterfaceOrientationLandscapeLeft UIInterfaceOrientationLandscapeRight";
				INFOPLIST_KEY_UISupportedInterfaceOrientations_iPhone = "UIInterfaceOrientationPortrait UIInterfaceOrientationLandscapeLeft UIInterfaceOrientationLandscapeRight";
				LD_RUNPATH_SEARCH_PATHS = (
					"$(inherited)",
					"@executable_path/Frameworks",
				);
				MARKETING_VERSION = 1.0;
				PRODUCT_BUNDLE_IDENTIFIER = dejo.dejoapp;
				PRODUCT_NAME = "$(TARGET_NAME)";
				SWIFT_EMIT_LOC_STRINGS = YES;
				SWIFT_VERSION = 5.0;
				TARGETED_DEVICE_FAMILY = "1,2";
			};
			name = Release;
		};
		614956762B45177E000A9E41 /* Debug */ = {
			isa = XCBuildConfiguration;
			buildSettings = {
				ALWAYS_EMBED_SWIFT_STANDARD_LIBRARIES = YES;
				BUNDLE_LOADER = "$(TEST_HOST)";
				CODE_SIGN_STYLE = Automatic;
				CURRENT_PROJECT_VERSION = 1;
				GENERATE_INFOPLIST_FILE = YES;
				IPHONEOS_DEPLOYMENT_TARGET = 17.2;
				MARKETING_VERSION = 1.0;
				PRODUCT_BUNDLE_IDENTIFIER = dejo.dejoappTests;
				PRODUCT_NAME = "$(TARGET_NAME)";
				SWIFT_EMIT_LOC_STRINGS = NO;
				SWIFT_VERSION = 5.0;
				TARGETED_DEVICE_FAMILY = "1,2";
				TEST_HOST = "$(BUILT_PRODUCTS_DIR)/dejoapp.app/$(BUNDLE_EXECUTABLE_FOLDER_PATH)/dejoapp";
			};
			name = Debug;
		};
		614956772B45177E000A9E41 /* Release */ = {
			isa = XCBuildConfiguration;
			buildSettings = {
				ALWAYS_EMBED_SWIFT_STANDARD_LIBRARIES = YES;
				BUNDLE_LOADER = "$(TEST_HOST)";
				CODE_SIGN_STYLE = Automatic;
				CURRENT_PROJECT_VERSION = 1;
				GENERATE_INFOPLIST_FILE = YES;
				IPHONEOS_DEPLOYMENT_TARGET = 17.2;
				MARKETING_VERSION = 1.0;
				PRODUCT_BUNDLE_IDENTIFIER = dejo.dejoappTests;
				PRODUCT_NAME = "$(TARGET_NAME)";
				SWIFT_EMIT_LOC_STRINGS = NO;
				SWIFT_VERSION = 5.0;
				TARGETED_DEVICE_FAMILY = "1,2";
				TEST_HOST = "$(BUILT_PRODUCTS_DIR)/dejoapp.app/$(BUNDLE_EXECUTABLE_FOLDER_PATH)/dejoapp";
			};
			name = Release;
		};
		614956792B45177E000A9E41 /* Debug */ = {
			isa = XCBuildConfiguration;
			buildSettings = {
				ALWAYS_EMBED_SWIFT_STANDARD_LIBRARIES = YES;
				CODE_SIGN_STYLE = Automatic;
				CURRENT_PROJECT_VERSION = 1;
				GENERATE_INFOPLIST_FILE = YES;
				MARKETING_VERSION = 1.0;
				PRODUCT_BUNDLE_IDENTIFIER = dejo.dejoappUITests;
				PRODUCT_NAME = "$(TARGET_NAME)";
				SWIFT_EMIT_LOC_STRINGS = NO;
				SWIFT_VERSION = 5.0;
				TARGETED_DEVICE_FAMILY = "1,2";
				TEST_TARGET_NAME = dejoapp;
			};
			name = Debug;
		};
		6149567A2B45177E000A9E41 /* Release */ = {
			isa = XCBuildConfiguration;
			buildSettings = {
				ALWAYS_EMBED_SWIFT_STANDARD_LIBRARIES = YES;
				CODE_SIGN_STYLE = Automatic;
				CURRENT_PROJECT_VERSION = 1;
				GENERATE_INFOPLIST_FILE = YES;
				MARKETING_VERSION = 1.0;
				PRODUCT_BUNDLE_IDENTIFIER = dejo.dejoappUITests;
				PRODUCT_NAME = "$(TARGET_NAME)";
				SWIFT_EMIT_LOC_STRINGS = NO;
				SWIFT_VERSION = 5.0;
				TARGETED_DEVICE_FAMILY = "1,2";
				TEST_TARGET_NAME = dejoapp;
			};
			name = Release;
		};
/* End XCBuildConfiguration section */

/* Begin XCConfigurationList section */
		614956492B45177C000A9E41 /* Build configuration list for PBXProject "dejoapp" */ = {
			isa = XCConfigurationList;
			buildConfigurations = (
				614956702B45177E000A9E41 /* Debug */,
				614956712B45177E000A9E41 /* Release */,
			);
			defaultConfigurationIsVisible = 0;
			defaultConfigurationName = Release;
		};
		614956722B45177E000A9E41 /* Build configuration list for PBXNativeTarget "dejoapp" */ = {
			isa = XCConfigurationList;
			buildConfigurations = (
				614956732B45177E000A9E41 /* Debug */,
				614956742B45177E000A9E41 /* Release */,
			);
			defaultConfigurationIsVisible = 0;
			defaultConfigurationName = Release;
		};
		614956752B45177E000A9E41 /* Build configuration list for PBXNativeTarget "dejoappTests" */ = {
			isa = XCConfigurationList;
			buildConfigurations = (
				614956762B45177E000A9E41 /* Debug */,
				614956772B45177E000A9E41 /* Release */,
			);
			defaultConfigurationIsVisible = 0;
			defaultConfigurationName = Release;
		};
		614956782B45177E000A9E41 /* Build configuration list for PBXNativeTarget "dejoappUITests" */ = {
			isa = XCConfigurationList;
			buildConfigurations = (
				614956792B45177E000A9E41 /* Debug */,
				6149567A2B45177E000A9E41 /* Release */,
			);
			defaultConfigurationIsVisible = 0;
			defaultConfigurationName = Release;
		};
/* End XCConfigurationList section */
	};
	rootObject = 614956462B45177C000A9E41 /* Project object */;
}
